
Microsoft Visual Studio Solution File, Format Version 12.00
# Visual Studio Version 16
VisualStudioVersion = 16.0.30907.101
MinimumVisualStudioVersion = 10.0.40219.1
Project("{8BC9CEB8-8B4A-11D0-8D11-00A0C91BC942}") = "HW3_Practicum", "HW3_Practicum.vcxproj", "{C0B4DD9E-8DB1-4A42-975D-366033755808}"
EndProject
Global
	GlobalSection(SolutionConfigurationPlatforms) = preSolution
		Debug|x64 = Debug|x64
		Debug|x86 = Debug|x86
		Release|x64 = Release|x64
		Release|x86 = Release|x86
	EndGlobalSection
	GlobalSection(ProjectConfigurationPlatforms) = postSolution
		{C0B4DD9E-8DB1-4A42-975D-366033755808}.Debug|x64.ActiveCfg = Debug|x64
		{C0B4DD9E-8DB1-4A42-975D-366033755808}.Debug|x64.Build.0 = Debug|x64
		{C0B4DD9E-8DB1-4A42-975D-366033755808}.Debug|x86.ActiveCfg = Debug|Win32
		{C0B4DD9E-8DB1-4A42-975D-366033755808}.Debug|x86.Build.0 = Debug|Win32
		{C0B4DD9E-8DB1-4A42-975D-366033755808}.Release|x64.ActiveCfg = Release|x64
		{C0B4DD9E-8DB1-4A42-975D-366033755808}.Release|x64.Build.0 = Release|x64
		{C0B4DD9E-8DB1-4A42-975D-366033755808}.Release|x86.ActiveCfg = Release|Win32
		{C0B4DD9E-8DB1-4A42-975D-366033755808}.Release|x86.Build.0 = Release|Win32
	EndGlobalSection
	GlobalSection(SolutionProperties) = preSolution
		HideSolutionNode = FALSE
	EndGlobalSection
	GlobalSection(ExtensibilityGlobals) = postSolution
		SolutionGuid = {3671FAA9-FCA2-415E-9A5C-64874F28C71F}
	EndGlobalSection
EndGlobal
